
Microsoft Visual Studio Solution File, Format Version 11.00
# Visual Studio 2010
Project("{8BC9CEB8-8B4A-11D0-8D11-00A0C91BC942}") = "dexreader", "dexreader\dexreader.vcxproj", "{2AE83044-EE52-4A05-994C-072FA25ED360}"
EndProject
Global
	GlobalSection(SolutionConfigurationPlatforms) = preSolution
		Debug|Win32 = Debug|Win32
		Release|Win32 = Release|Win32
	EndGlobalSection
	GlobalSection(ProjectConfigurationPlatforms) = postSolution
		{2AE83044-EE52-4A05-994C-072FA25ED360}.Debug|Win32.ActiveCfg = Debug|Win32
		{2AE83044-EE52-4A05-994C-072FA25ED360}.Debug|Win32.Build.0 = Debug|Win32
		{2AE83044-EE52-4A05-994C-072FA25ED360}.Release|Win32.ActiveCfg = Release|Win32
		{2AE83044-EE52-4A05-994C-072FA25ED360}.Release|Win32.Build.0 = Release|Win32
	EndGlobalSection
	GlobalSection(SolutionProperties) = preSolution
		HideSolutionNode = FALSE
	EndGlobalSection
EndGlobal
